
Microsoft Visual Studio Solution File, Format Version 12.00
# Visual Studio Version 17
VisualStudioVersion = 17.0.31903.59
MinimumVisualStudioVersion = 10.0.40219.1
Project("{FAE04EC0-301F-11D3-BF4B-00C04F79EFBC}") = "BibliotecaSistema", "BibliotecaSistema\BibliotecaSistema.csproj", "{34C4F4E7-0633-4F02-9C97-1262A471814E}"
EndProject
Project("{FAE04EC0-301F-11D3-BF4B-00C04F79EFBC}") = "BibliotecaTests", "BibliotecaTests\BibliotecaTests.csproj", "{2D18614C-9AAD-4B07-BEFE-BAB61B38F4B5}"
EndProject
Global
	GlobalSection(SolutionConfigurationPlatforms) = preSolution
		Debug|Any CPU = Debug|Any CPU
		Release|Any CPU = Release|Any CPU
	EndGlobalSection
	GlobalSection(SolutionProperties) = preSolution
		HideSolutionNode = FALSE
	EndGlobalSection
	GlobalSection(ProjectConfigurationPlatforms) = postSolution
		{34C4F4E7-0633-4F02-9C97-1262A471814E}.Debug|Any CPU.ActiveCfg = Debug|Any CPU
		{34C4F4E7-0633-4F02-9C97-1262A471814E}.Debug|Any CPU.Build.0 = Debug|Any CPU
		{34C4F4E7-0633-4F02-9C97-1262A471814E}.Release|Any CPU.ActiveCfg = Release|Any CPU
		{34C4F4E7-0633-4F02-9C97-1262A471814E}.Release|Any CPU.Build.0 = Release|Any CPU
		{2D18614C-9AAD-4B07-BEFE-BAB61B38F4B5}.Debug|Any CPU.ActiveCfg = Debug|Any CPU
		{2D18614C-9AAD-4B07-BEFE-BAB61B38F4B5}.Debug|Any CPU.Build.0 = Debug|Any CPU
		{2D18614C-9AAD-4B07-BEFE-BAB61B38F4B5}.Release|Any CPU.ActiveCfg = Release|Any CPU
		{2D18614C-9AAD-4B07-BEFE-BAB61B38F4B5}.Release|Any CPU.Build.0 = Release|Any CPU
	EndGlobalSection
EndGlobal
